
Microsoft Visual Studio Solution File, Format Version 12.00
# Visual Studio for Mac
Project("{FAE04EC0-301F-11D3-BF4B-00C04F79EFBC}") = "PlasticRunner", "PlasticRunner.csproj", "{D9D76A02-2C81-46F7-E005-4119C3158433}"
EndProject
Global
	GlobalSection(SolutionConfigurationPlatforms) = preSolution
		Debug|Any CPU = Debug|Any CPU
		Release|Any CPU = Release|Any CPU
	EndGlobalSection
	GlobalSection(ProjectConfigurationPlatforms) = postSolution
		{D9D76A02-2C81-46F7-E005-4119C3158433}.Debug|Any CPU.ActiveCfg = Debug|Any CPU
		{D9D76A02-2C81-46F7-E005-4119C3158433}.Debug|Any CPU.Build.0 = Debug|Any CPU
		{D9D76A02-2C81-46F7-E005-4119C3158433}.Release|Any CPU.ActiveCfg = Release|Any CPU
		{D9D76A02-2C81-46F7-E005-4119C3158433}.Release|Any CPU.Build.0 = Release|Any CPU
	EndGlobalSection
	GlobalSection(SolutionProperties) = preSolution
		HideSolutionNode = FALSE
	EndGlobalSection
EndGlobal
